// !$*UTF8*$!
{
	archiveVersion = 1;
	classes = {
	};
	objectVersion = 56;
	objects = {

/* Begin PBXBuildFile section */
		7B15871C2BA60E0800CDDD50 /* Persistence.swift in Sources */ = {isa = PBXBuildFile; fileRef = 7B15871B2BA60E0800CDDD50 /* Persistence.swift */; };
		7B1CE1D42B9338B3007D5397 /* FSCalendar in Frameworks */ = {isa = PBXBuildFile; productRef = 7B1CE1D32B9338B3007D5397 /* FSCalendar */; };
		7B1CE1D62B9338F1007D5397 /* CalendarView.swift in Sources */ = {isa = PBXBuildFile; fileRef = 7B1CE1D52B9338F0007D5397 /* CalendarView.swift */; };
		7B1CE1D82B945474007D5397 /* DiaryEntryView.swift in Sources */ = {isa = PBXBuildFile; fileRef = 7B1CE1D72B945474007D5397 /* DiaryEntryView.swift */; };
		7B1CE1DA2B94DC51007D5397 /* Extensions.swift in Sources */ = {isa = PBXBuildFile; fileRef = 7B1CE1D92B94DC51007D5397 /* Extensions.swift */; };
		7B33C1B92BA42E4B002F0D94 /* DiaryEntryListView.swift in Sources */ = {isa = PBXBuildFile; fileRef = 7B33C1B82BA42E4B002F0D94 /* DiaryEntryListView.swift */; };
		7B36D2052B84C365002A5C48 /* DiaryApp.swift in Sources */ = {isa = PBXBuildFile; fileRef = 7B36D2042B84C365002A5C48 /* DiaryApp.swift */; };
		7B36D2072B84C365002A5C48 /* ContentView.swift in Sources */ = {isa = PBXBuildFile; fileRef = 7B36D2062B84C365002A5C48 /* ContentView.swift */; };
		7B36D2092B84C366002A5C48 /* Assets.xcassets in Resources */ = {isa = PBXBuildFile; fileRef = 7B36D2082B84C366002A5C48 /* Assets.xcassets */; };
		7B36D20C2B84C366002A5C48 /* Preview Assets.xcassets in Resources */ = {isa = PBXBuildFile; fileRef = 7B36D20B2B84C366002A5C48 /* Preview Assets.xcassets */; };
		7B36D2162B84C367002A5C48 /* DiaryTests.swift in Sources */ = {isa = PBXBuildFile; fileRef = 7B36D2152B84C367002A5C48 /* DiaryTests.swift */; };
		7B36D2202B84C367002A5C48 /* DiaryUITests.swift in Sources */ = {isa = PBXBuildFile; fileRef = 7B36D21F2B84C367002A5C48 /* DiaryUITests.swift */; };
		7B36D2222B84C367002A5C48 /* DiaryUITestsLaunchTests.swift in Sources */ = {isa = PBXBuildFile; fileRef = 7B36D2212B84C367002A5C48 /* DiaryUITestsLaunchTests.swift */; };
		7B4170BB2B9F5E2500F0E43E /* APIRequest.swift in Sources */ = {isa = PBXBuildFile; fileRef = 7B4170BA2B9F5E2500F0E43E /* APIRequest.swift */; };
		7B4170BD2B9F617600F0E43E /* Request.swift in Sources */ = {isa = PBXBuildFile; fileRef = 7B4170BC2B9F617600F0E43E /* Request.swift */; };
		7B4170C02B9F635800F0E43E /* DiaryEntry.swift in Sources */ = {isa = PBXBuildFile; fileRef = 7B4170BF2B9F635800F0E43E /* DiaryEntry.swift */; };
		7B4170C22B9F65D800F0E43E /* NetworkEngine.swift in Sources */ = {isa = PBXBuildFile; fileRef = 7B4170C12B9F65D800F0E43E /* NetworkEngine.swift */; };
		7B4170C42B9F779B00F0E43E /* DiaryEntryViewModel.swift in Sources */ = {isa = PBXBuildFile; fileRef = 7B4170C32B9F779B00F0E43E /* DiaryEntryViewModel.swift */; };
		7B4170CA2B9F9FDD00F0E43E /* HomeViewModel.swift in Sources */ = {isa = PBXBuildFile; fileRef = 7B4170C92B9F9FDD00F0E43E /* HomeViewModel.swift */; };
		7B4170CD2B9FA80600F0E43E /* DiaryEntryItem.swift in Sources */ = {isa = PBXBuildFile; fileRef = 7B4170CC2B9FA80600F0E43E /* DiaryEntryItem.swift */; };
		7B4171092BA0C5D700F0E43E /* DiaryEntryRow.swift in Sources */ = {isa = PBXBuildFile; fileRef = 7B4171082BA0C5D700F0E43E /* DiaryEntryRow.swift */; };
		7B91D63C2BA9BF67007367E5 /* CalendarViewModel.swift in Sources */ = {isa = PBXBuildFile; fileRef = 7B91D63B2BA9BF67007367E5 /* CalendarViewModel.swift */; };
		7BA4F3452B87D6670073A13B /* FirebaseAuth in Frameworks */ = {isa = PBXBuildFile; productRef = 7BA4F3442B87D6670073A13B /* FirebaseAuth */; };
		7BA4F3482B87D6CE0073A13B /* GoogleSignIn in Frameworks */ = {isa = PBXBuildFile; productRef = 7BA4F3472B87D6CE0073A13B /* GoogleSignIn */; };
		7BA4F34A2B87D6CE0073A13B /* GoogleSignInSwift in Frameworks */ = {isa = PBXBuildFile; productRef = 7BA4F3492B87D6CE0073A13B /* GoogleSignInSwift */; };
		7BA4F34C2B87D8760073A13B /* GoogleService-Info.plist in Resources */ = {isa = PBXBuildFile; fileRef = 7BA4F34B2B87D8760073A13B /* GoogleService-Info.plist */; };
		7BA4F34D2B87D8760073A13B /* GoogleService-Info.plist in Resources */ = {isa = PBXBuildFile; fileRef = 7BA4F34B2B87D8760073A13B /* GoogleService-Info.plist */; };
		7BA4F34E2B87D8760073A13B /* GoogleService-Info.plist in Resources */ = {isa = PBXBuildFile; fileRef = 7BA4F34B2B87D8760073A13B /* GoogleService-Info.plist */; };
		7BA4F3512B87DEA30073A13B /* AuthenticationViewModel.swift in Sources */ = {isa = PBXBuildFile; fileRef = 7BA4F3502B87DEA30073A13B /* AuthenticationViewModel.swift */; };
		7BA4F3522B87DEA30073A13B /* AuthenticationViewModel.swift in Sources */ = {isa = PBXBuildFile; fileRef = 7BA4F3502B87DEA30073A13B /* AuthenticationViewModel.swift */; };
		7BA4F3532B87DEA30073A13B /* AuthenticationViewModel.swift in Sources */ = {isa = PBXBuildFile; fileRef = 7BA4F3502B87DEA30073A13B /* AuthenticationViewModel.swift */; };
		7BA4F3572B888CEB0073A13B /* LoginView.swift in Sources */ = {isa = PBXBuildFile; fileRef = 7BA4F3562B888CEB0073A13B /* LoginView.swift */; };
		7BA4F3592B88906C0073A13B /* HomeView.swift in Sources */ = {isa = PBXBuildFile; fileRef = 7BA4F3582B88906C0073A13B /* HomeView.swift */; };
		7BA4F35B2B8D04590073A13B /* Constants.swift in Sources */ = {isa = PBXBuildFile; fileRef = 7BA4F35A2B8D04590073A13B /* Constants.swift */; };
		7BCF33682BAE0A2300631002 /* FirebaseAuth in Frameworks */ = {isa = PBXBuildFile; productRef = 7BCF33672BAE0A2300631002 /* FirebaseAuth */; };
		7BCF33692BAE0A5900631002 /* DiaryEntryItem.swift in Sources */ = {isa = PBXBuildFile; fileRef = 7B4170CC2B9FA80600F0E43E /* DiaryEntryItem.swift */; };
		7BCF336B2BAE0A8000631002 /* GoogleSignIn in Frameworks */ = {isa = PBXBuildFile; productRef = 7BCF336A2BAE0A8000631002 /* GoogleSignIn */; };
		7BCF336C2BAE0CBE00631002 /* DiaryEntryItem.swift in Sources */ = {isa = PBXBuildFile; fileRef = 7B4170CC2B9FA80600F0E43E /* DiaryEntryItem.swift */; };
/* End PBXBuildFile section */

/* Begin PBXContainerItemProxy section */
		7B36D2122B84C367002A5C48 /* PBXContainerItemProxy */ = {
			isa = PBXContainerItemProxy;
			containerPortal = 7B36D1F92B84C365002A5C48 /* Project object */;
			proxyType = 1;
			remoteGlobalIDString = 7B36D2002B84C365002A5C48;
			remoteInfo = Diary;
		};
		7B36D21C2B84C367002A5C48 /* PBXContainerItemProxy */ = {
			isa = PBXContainerItemProxy;
			containerPortal = 7B36D1F92B84C365002A5C48 /* Project object */;
			proxyType = 1;
			remoteGlobalIDString = 7B36D2002B84C365002A5C48;
			remoteInfo = Diary;
		};
/* End PBXContainerItemProxy section */

/* Begin PBXFileReference section */
		7B15871B2BA60E0800CDDD50 /* Persistence.swift */ = {isa = PBXFileReference; lastKnownFileType = sourcecode.swift; path = Persistence.swift; sourceTree = "<group>"; };
		7B1CE1D52B9338F0007D5397 /* CalendarView.swift */ = {isa = PBXFileReference; lastKnownFileType = sourcecode.swift; path = CalendarView.swift; sourceTree = "<group>"; };
		7B1CE1D72B945474007D5397 /* DiaryEntryView.swift */ = {isa = PBXFileReference; lastKnownFileType = sourcecode.swift; path = DiaryEntryView.swift; sourceTree = "<group>"; };
		7B1CE1D92B94DC51007D5397 /* Extensions.swift */ = {isa = PBXFileReference; lastKnownFileType = sourcecode.swift; path = Extensions.swift; sourceTree = "<group>"; };
		7B33C1B82BA42E4B002F0D94 /* DiaryEntryListView.swift */ = {isa = PBXFileReference; lastKnownFileType = sourcecode.swift; path = DiaryEntryListView.swift; sourceTree = "<group>"; };
		7B36D2012B84C365002A5C48 /* Diary.app */ = {isa = PBXFileReference; explicitFileType = wrapper.application; includeInIndex = 0; path = Diary.app; sourceTree = BUILT_PRODUCTS_DIR; };
		7B36D2042B84C365002A5C48 /* DiaryApp.swift */ = {isa = PBXFileReference; lastKnownFileType = sourcecode.swift; path = DiaryApp.swift; sourceTree = "<group>"; };
		7B36D2062B84C365002A5C48 /* ContentView.swift */ = {isa = PBXFileReference; lastKnownFileType = sourcecode.swift; path = ContentView.swift; sourceTree = "<group>"; };
		7B36D2082B84C366002A5C48 /* Assets.xcassets */ = {isa = PBXFileReference; lastKnownFileType = folder.assetcatalog; path = Assets.xcassets; sourceTree = "<group>"; };
		7B36D20B2B84C366002A5C48 /* Preview Assets.xcassets */ = {isa = PBXFileReference; lastKnownFileType = folder.assetcatalog; path = "Preview Assets.xcassets"; sourceTree = "<group>"; };
		7B36D2112B84C367002A5C48 /* DiaryTests.xctest */ = {isa = PBXFileReference; explicitFileType = wrapper.cfbundle; includeInIndex = 0; path = DiaryTests.xctest; sourceTree = BUILT_PRODUCTS_DIR; };
		7B36D2152B84C367002A5C48 /* DiaryTests.swift */ = {isa = PBXFileReference; lastKnownFileType = sourcecode.swift; path = DiaryTests.swift; sourceTree = "<group>"; };
		7B36D21B2B84C367002A5C48 /* DiaryUITests.xctest */ = {isa = PBXFileReference; explicitFileType = wrapper.cfbundle; includeInIndex = 0; path = DiaryUITests.xctest; sourceTree = BUILT_PRODUCTS_DIR; };
		7B36D21F2B84C367002A5C48 /* DiaryUITests.swift */ = {isa = PBXFileReference; lastKnownFileType = sourcecode.swift; path = DiaryUITests.swift; sourceTree = "<group>"; };
		7B36D2212B84C367002A5C48 /* DiaryUITestsLaunchTests.swift */ = {isa = PBXFileReference; lastKnownFileType = sourcecode.swift; path = DiaryUITestsLaunchTests.swift; sourceTree = "<group>"; };
		7B4170BA2B9F5E2500F0E43E /* APIRequest.swift */ = {isa = PBXFileReference; lastKnownFileType = sourcecode.swift; path = APIRequest.swift; sourceTree = "<group>"; };
		7B4170BC2B9F617600F0E43E /* Request.swift */ = {isa = PBXFileReference; lastKnownFileType = sourcecode.swift; path = Request.swift; sourceTree = "<group>"; };
		7B4170BF2B9F635800F0E43E /* DiaryEntry.swift */ = {isa = PBXFileReference; lastKnownFileType = sourcecode.swift; path = DiaryEntry.swift; sourceTree = "<group>"; };
		7B4170C12B9F65D800F0E43E /* NetworkEngine.swift */ = {isa = PBXFileReference; lastKnownFileType = sourcecode.swift; path = NetworkEngine.swift; sourceTree = "<group>"; };
		7B4170C32B9F779B00F0E43E /* DiaryEntryViewModel.swift */ = {isa = PBXFileReference; lastKnownFileType = sourcecode.swift; path = DiaryEntryViewModel.swift; sourceTree = "<group>"; };
		7B4170C92B9F9FDD00F0E43E /* HomeViewModel.swift */ = {isa = PBXFileReference; lastKnownFileType = sourcecode.swift; path = HomeViewModel.swift; sourceTree = "<group>"; };
		7B4170CC2B9FA80600F0E43E /* DiaryEntryItem.swift */ = {isa = PBXFileReference; lastKnownFileType = sourcecode.swift; path = DiaryEntryItem.swift; sourceTree = "<group>"; };
		7B4171082BA0C5D700F0E43E /* DiaryEntryRow.swift */ = {isa = PBXFileReference; lastKnownFileType = sourcecode.swift; path = DiaryEntryRow.swift; sourceTree = "<group>"; };
		7B91D63B2BA9BF67007367E5 /* CalendarViewModel.swift */ = {isa = PBXFileReference; lastKnownFileType = sourcecode.swift; path = CalendarViewModel.swift; sourceTree = "<group>"; };
		7BA4F34B2B87D8760073A13B /* GoogleService-Info.plist */ = {isa = PBXFileReference; fileEncoding = 4; lastKnownFileType = text.plist.xml; name = "GoogleService-Info.plist"; path = "../../../../../Downloads/GoogleService-Info.plist"; sourceTree = "<group>"; };
		7BA4F34F2B87DDDF0073A13B /* Info.plist */ = {isa = PBXFileReference; lastKnownFileType = text.plist; path = Info.plist; sourceTree = "<group>"; };
		7BA4F3502B87DEA30073A13B /* AuthenticationViewModel.swift */ = {isa = PBXFileReference; lastKnownFileType = sourcecode.swift; path = AuthenticationViewModel.swift; sourceTree = "<group>"; };
		7BA4F3562B888CEB0073A13B /* LoginView.swift */ = {isa = PBXFileReference; lastKnownFileType = sourcecode.swift; path = LoginView.swift; sourceTree = "<group>"; };
		7BA4F3582B88906C0073A13B /* HomeView.swift */ = {isa = PBXFileReference; lastKnownFileType = sourcecode.swift; path = HomeView.swift; sourceTree = "<group>"; };
		7BA4F35A2B8D04590073A13B /* Constants.swift */ = {isa = PBXFileReference; lastKnownFileType = sourcecode.swift; path = Constants.swift; sourceTree = "<group>"; };
/* End PBXFileReference section */

/* Begin PBXFrameworksBuildPhase section */
		7B36D1FE2B84C365002A5C48 /* Frameworks */ = {
			isa = PBXFrameworksBuildPhase;
			buildActionMask = 2147483647;
			files = (
				7BA4F34A2B87D6CE0073A13B /* GoogleSignInSwift in Frameworks */,
				7B1CE1D42B9338B3007D5397 /* FSCalendar in Frameworks */,
				7BA4F3452B87D6670073A13B /* FirebaseAuth in Frameworks */,
				7BA4F3482B87D6CE0073A13B /* GoogleSignIn in Frameworks */,
			);
			runOnlyForDeploymentPostprocessing = 0;
		};
		7B36D20E2B84C367002A5C48 /* Frameworks */ = {
			isa = PBXFrameworksBuildPhase;
			buildActionMask = 2147483647;
			files = (
			);
			runOnlyForDeploymentPostprocessing = 0;
		};
		7B36D2182B84C367002A5C48 /* Frameworks */ = {
			isa = PBXFrameworksBuildPhase;
			buildActionMask = 2147483647;
			files = (
				7BCF33682BAE0A2300631002 /* FirebaseAuth in Frameworks */,
				7BCF336B2BAE0A8000631002 /* GoogleSignIn in Frameworks */,
			);
			runOnlyForDeploymentPostprocessing = 0;
		};
/* End PBXFrameworksBuildPhase section */

/* Begin PBXGroup section */
		7B33C1B72BA42E29002F0D94 /* DiaryEntryList */ = {
			isa = PBXGroup;
			children = (
				7B33C1B82BA42E4B002F0D94 /* DiaryEntryListView.swift */,
			);
			path = DiaryEntryList;
			sourceTree = "<group>";
		};
		7B36D1F82B84C365002A5C48 = {
			isa = PBXGroup;
			children = (
				7B36D2032B84C365002A5C48 /* Diary */,
				7B36D2142B84C367002A5C48 /* DiaryTests */,
				7B36D21E2B84C367002A5C48 /* DiaryUITests */,
				7B36D2022B84C365002A5C48 /* Products */,
				7BCF33662BAE0A2300631002 /* Frameworks */,
			);
			sourceTree = "<group>";
		};
		7B36D2022B84C365002A5C48 /* Products */ = {
			isa = PBXGroup;
			children = (
				7B36D2012B84C365002A5C48 /* Diary.app */,
				7B36D2112B84C367002A5C48 /* DiaryTests.xctest */,
				7B36D21B2B84C367002A5C48 /* DiaryUITests.xctest */,
			);
			name = Products;
			sourceTree = "<group>";
		};
		7B36D2032B84C365002A5C48 /* Diary */ = {
			isa = PBXGroup;
			children = (
				7B4170CB2B9FA7EE00F0E43E /* Persistence */,
				7B4170C52B9F98C000F0E43E /* Modules */,
				7B4170BE2B9F634600F0E43E /* Model */,
				7B4170B92B9F5D9100F0E43E /* NetworkLayer */,
				7BA4F34F2B87DDDF0073A13B /* Info.plist */,
				7BA4F34B2B87D8760073A13B /* GoogleService-Info.plist */,
				7B36D2042B84C365002A5C48 /* DiaryApp.swift */,
				7B36D2062B84C365002A5C48 /* ContentView.swift */,
				7B36D2082B84C366002A5C48 /* Assets.xcassets */,
				7B36D20A2B84C366002A5C48 /* Preview Content */,
				7BA4F35A2B8D04590073A13B /* Constants.swift */,
				7B1CE1D92B94DC51007D5397 /* Extensions.swift */,
			);
			path = Diary;
			sourceTree = "<group>";
		};
		7B36D20A2B84C366002A5C48 /* Preview Content */ = {
			isa = PBXGroup;
			children = (
				7B36D20B2B84C366002A5C48 /* Preview Assets.xcassets */,
			);
			path = "Preview Content";
			sourceTree = "<group>";
		};
		7B36D2142B84C367002A5C48 /* DiaryTests */ = {
			isa = PBXGroup;
			children = (
				7B36D2152B84C367002A5C48 /* DiaryTests.swift */,
			);
			path = DiaryTests;
			sourceTree = "<group>";
		};
		7B36D21E2B84C367002A5C48 /* DiaryUITests */ = {
			isa = PBXGroup;
			children = (
				7B36D21F2B84C367002A5C48 /* DiaryUITests.swift */,
				7B36D2212B84C367002A5C48 /* DiaryUITestsLaunchTests.swift */,
			);
			path = DiaryUITests;
			sourceTree = "<group>";
		};
		7B4170B92B9F5D9100F0E43E /* NetworkLayer */ = {
			isa = PBXGroup;
			children = (
				7B4170BA2B9F5E2500F0E43E /* APIRequest.swift */,
				7B4170BC2B9F617600F0E43E /* Request.swift */,
				7B4170C12B9F65D800F0E43E /* NetworkEngine.swift */,
			);
			path = NetworkLayer;
			sourceTree = "<group>";
		};
		7B4170BE2B9F634600F0E43E /* Model */ = {
			isa = PBXGroup;
			children = (
				7B4170BF2B9F635800F0E43E /* DiaryEntry.swift */,
			);
			path = Model;
			sourceTree = "<group>";
		};
		7B4170C52B9F98C000F0E43E /* Modules */ = {
			isa = PBXGroup;
			children = (
				7B91D63A2BA9BF54007367E5 /* Calendar */,
				7B33C1B72BA42E29002F0D94 /* DiaryEntryList */,
				7B4170C82B9F9F2E00F0E43E /* Home */,
				7B4170C72B9F98E100F0E43E /* Login */,
				7B4170C62B9F98C700F0E43E /* DiaryEntry */,
			);
			path = Modules;
			sourceTree = "<group>";
		};
		7B4170C62B9F98C700F0E43E /* DiaryEntry */ = {
			isa = PBXGroup;
			children = (
				7B1CE1D72B945474007D5397 /* DiaryEntryView.swift */,
				7B4170C32B9F779B00F0E43E /* DiaryEntryViewModel.swift */,
			);
			path = DiaryEntry;
			sourceTree = "<group>";
		};
		7B4170C72B9F98E100F0E43E /* Login */ = {
			isa = PBXGroup;
			children = (
				7BA4F3502B87DEA30073A13B /* AuthenticationViewModel.swift */,
				7BA4F3562B888CEB0073A13B /* LoginView.swift */,
			);
			path = Login;
			sourceTree = "<group>";
		};
		7B4170C82B9F9F2E00F0E43E /* Home */ = {
			isa = PBXGroup;
			children = (
				7BA4F3582B88906C0073A13B /* HomeView.swift */,
				7B4170C92B9F9FDD00F0E43E /* HomeViewModel.swift */,
				7B4171082BA0C5D700F0E43E /* DiaryEntryRow.swift */,
			);
			path = Home;
			sourceTree = "<group>";
		};
		7B4170CB2B9FA7EE00F0E43E /* Persistence */ = {
			isa = PBXGroup;
			children = (
				7B4170CC2B9FA80600F0E43E /* DiaryEntryItem.swift */,
				7B15871B2BA60E0800CDDD50 /* Persistence.swift */,
			);
			path = Persistence;
			sourceTree = "<group>";
		};
		7B91D63A2BA9BF54007367E5 /* Calendar */ = {
			isa = PBXGroup;
			children = (
				7B91D63B2BA9BF67007367E5 /* CalendarViewModel.swift */,
				7B1CE1D52B9338F0007D5397 /* CalendarView.swift */,
			);
			path = Calendar;
			sourceTree = "<group>";
		};
		7BCF33662BAE0A2300631002 /* Frameworks */ = {
			isa = PBXGroup;
			children = (
			);
			name = Frameworks;
			sourceTree = "<group>";
		};
/* End PBXGroup section */

/* Begin PBXNativeTarget section */
		7B36D2002B84C365002A5C48 /* Diary */ = {
			isa = PBXNativeTarget;
			buildConfigurationList = 7B36D2252B84C367002A5C48 /* Build configuration list for PBXNativeTarget "Diary" */;
			buildPhases = (
				7B36D1FD2B84C365002A5C48 /* Sources */,
				7B36D1FE2B84C365002A5C48 /* Frameworks */,
				7B36D1FF2B84C365002A5C48 /* Resources */,
			);
			buildRules = (
			);
			dependencies = (
			);
			name = Diary;
			packageProductDependencies = (
				7BA4F3442B87D6670073A13B /* FirebaseAuth */,
				7BA4F3472B87D6CE0073A13B /* GoogleSignIn */,
				7BA4F3492B87D6CE0073A13B /* GoogleSignInSwift */,
				7B1CE1D32B9338B3007D5397 /* FSCalendar */,
			);
			productName = Diary;
			productReference = 7B36D2012B84C365002A5C48 /* Diary.app */;
			productType = "com.apple.product-type.application";
		};
		7B36D2102B84C367002A5C48 /* DiaryTests */ = {
			isa = PBXNativeTarget;
			buildConfigurationList = 7B36D2282B84C367002A5C48 /* Build configuration list for PBXNativeTarget "DiaryTests" */;
			buildPhases = (
				7B36D20D2B84C367002A5C48 /* Sources */,
				7B36D20E2B84C367002A5C48 /* Frameworks */,
				7B36D20F2B84C367002A5C48 /* Resources */,
			);
			buildRules = (
			);
			dependencies = (
				7B36D2132B84C367002A5C48 /* PBXTargetDependency */,
			);
			name = DiaryTests;
			productName = DiaryTests;
			productReference = 7B36D2112B84C367002A5C48 /* DiaryTests.xctest */;
			productType = "com.apple.product-type.bundle.unit-test";
		};
		7B36D21A2B84C367002A5C48 /* DiaryUITests */ = {
			isa = PBXNativeTarget;
			buildConfigurationList = 7B36D22B2B84C367002A5C48 /* Build configuration list for PBXNativeTarget "DiaryUITests" */;
			buildPhases = (
				7B36D2172B84C367002A5C48 /* Sources */,
				7B36D2182B84C367002A5C48 /* Frameworks */,
				7B36D2192B84C367002A5C48 /* Resources */,
			);
			buildRules = (
			);
			dependencies = (
				7B36D21D2B84C367002A5C48 /* PBXTargetDependency */,
			);
			name = DiaryUITests;
			packageProductDependencies = (
				7BCF33672BAE0A2300631002 /* FirebaseAuth */,
				7BCF336A2BAE0A8000631002 /* GoogleSignIn */,
			);
			productName = DiaryUITests;
			productReference = 7B36D21B2B84C367002A5C48 /* DiaryUITests.xctest */;
			productType = "com.apple.product-type.bundle.ui-testing";
		};
/* End PBXNativeTarget section */

/* Begin PBXProject section */
		7B36D1F92B84C365002A5C48 /* Project object */ = {
			isa = PBXProject;
			attributes = {
				BuildIndependentTargetsInParallel = 1;
				LastSwiftUpdateCheck = 1520;
				LastUpgradeCheck = 1520;
				TargetAttributes = {
					7B36D2002B84C365002A5C48 = {
						CreatedOnToolsVersion = 15.2;
					};
					7B36D2102B84C367002A5C48 = {
						CreatedOnToolsVersion = 15.2;
						TestTargetID = 7B36D2002B84C365002A5C48;
					};
					7B36D21A2B84C367002A5C48 = {
						CreatedOnToolsVersion = 15.2;
						TestTargetID = 7B36D2002B84C365002A5C48;
					};
				};
			};
			buildConfigurationList = 7B36D1FC2B84C365002A5C48 /* Build configuration list for PBXProject "Diary" */;
			compatibilityVersion = "Xcode 14.0";
			developmentRegion = en;
			hasScannedForEncodings = 0;
			knownRegions = (
				en,
				Base,
			);
			mainGroup = 7B36D1F82B84C365002A5C48;
			packageReferences = (
				7BA4F3432B87D6670073A13B /* XCRemoteSwiftPackageReference "firebase-ios-sdk" */,
				7BA4F3462B87D6CE0073A13B /* XCRemoteSwiftPackageReference "GoogleSignIn-iOS" */,
				7B1CE1D22B9338B3007D5397 /* XCRemoteSwiftPackageReference "FSCalendar" */,
			);
			productRefGroup = 7B36D2022B84C365002A5C48 /* Products */;
			projectDirPath = "";
			projectRoot = "";
			targets = (
				7B36D2002B84C365002A5C48 /* Diary */,
				7B36D2102B84C367002A5C48 /* DiaryTests */,
				7B36D21A2B84C367002A5C48 /* DiaryUITests */,
			);
		};
/* End PBXProject section */

/* Begin PBXResourcesBuildPhase section */
		7B36D1FF2B84C365002A5C48 /* Resources */ = {
			isa = PBXResourcesBuildPhase;
			buildActionMask = 2147483647;
			files = (
				7B36D20C2B84C366002A5C48 /* Preview Assets.xcassets in Resources */,
				7B36D2092B84C366002A5C48 /* Assets.xcassets in Resources */,
				7BA4F34C2B87D8760073A13B /* GoogleService-Info.plist in Resources */,
			);
			runOnlyForDeploymentPostprocessing = 0;
		};
		7B36D20F2B84C367002A5C48 /* Resources */ = {
			isa = PBXResourcesBuildPhase;
			buildActionMask = 2147483647;
			files = (
				7BA4F34D2B87D8760073A13B /* GoogleService-Info.plist in Resources */,
			);
			runOnlyForDeploymentPostprocessing = 0;
		};
		7B36D2192B84C367002A5C48 /* Resources */ = {
			isa = PBXResourcesBuildPhase;
			buildActionMask = 2147483647;
			files = (
				7BA4F34E2B87D8760073A13B /* GoogleService-Info.plist in Resources */,
			);
			runOnlyForDeploymentPostprocessing = 0;
		};
/* End PBXResourcesBuildPhase section */

/* Begin PBXSourcesBuildPhase section */
		7B36D1FD2B84C365002A5C48 /* Sources */ = {
			isa = PBXSourcesBuildPhase;
			buildActionMask = 2147483647;
			files = (
				7BA4F3512B87DEA30073A13B /* AuthenticationViewModel.swift in Sources */,
				7B1CE1DA2B94DC51007D5397 /* Extensions.swift in Sources */,
				7B1CE1D62B9338F1007D5397 /* CalendarView.swift in Sources */,
				7B4171092BA0C5D700F0E43E /* DiaryEntryRow.swift in Sources */,
				7B91D63C2BA9BF67007367E5 /* CalendarViewModel.swift in Sources */,
				7B36D2072B84C365002A5C48 /* ContentView.swift in Sources */,
				7B4170BD2B9F617600F0E43E /* Request.swift in Sources */,
				7BA4F3592B88906C0073A13B /* HomeView.swift in Sources */,
				7BA4F35B2B8D04590073A13B /* Constants.swift in Sources */,
				7B15871C2BA60E0800CDDD50 /* Persistence.swift in Sources */,
				7B4170C42B9F779B00F0E43E /* DiaryEntryViewModel.swift in Sources */,
				7B4170C22B9F65D800F0E43E /* NetworkEngine.swift in Sources */,
				7B4170CD2B9FA80600F0E43E /* DiaryEntryItem.swift in Sources */,
				7B33C1B92BA42E4B002F0D94 /* DiaryEntryListView.swift in Sources */,
				7B1CE1D82B945474007D5397 /* DiaryEntryView.swift in Sources */,
				7B4170BB2B9F5E2500F0E43E /* APIRequest.swift in Sources */,
				7BA4F3572B888CEB0073A13B /* LoginView.swift in Sources */,
				7B4170C02B9F635800F0E43E /* DiaryEntry.swift in Sources */,
				7B4170CA2B9F9FDD00F0E43E /* HomeViewModel.swift in Sources */,
				7B36D2052B84C365002A5C48 /* DiaryApp.swift in Sources */,
			);
			runOnlyForDeploymentPostprocessing = 0;
		};
		7B36D20D2B84C367002A5C48 /* Sources */ = {
			isa = PBXSourcesBuildPhase;
			buildActionMask = 2147483647;
			files = (
				7BA4F3522B87DEA30073A13B /* AuthenticationViewModel.swift in Sources */,
				7B36D2162B84C367002A5C48 /* DiaryTests.swift in Sources */,
				7BCF33692BAE0A5900631002 /* DiaryEntryItem.swift in Sources */,
			);
			runOnlyForDeploymentPostprocessing = 0;
		};
		7B36D2172B84C367002A5C48 /* Sources */ = {
			isa = PBXSourcesBuildPhase;
			buildActionMask = 2147483647;
			files = (
				7BA4F3532B87DEA30073A13B /* AuthenticationViewModel.swift in Sources */,
				7BCF336C2BAE0CBE00631002 /* DiaryEntryItem.swift in Sources */,
				7B36D2222B84C367002A5C48 /* DiaryUITestsLaunchTests.swift in Sources */,
				7B36D2202B84C367002A5C48 /* DiaryUITests.swift in Sources */,
			);
			runOnlyForDeploymentPostprocessing = 0;
		};
/* End PBXSourcesBuildPhase section */

/* Begin PBXTargetDependency section */
		7B36D2132B84C367002A5C48 /* PBXTargetDependency */ = {
			isa = PBXTargetDependency;
			target = 7B36D2002B84C365002A5C48 /* Diary */;
			targetProxy = 7B36D2122B84C367002A5C48 /* PBXContainerItemProxy */;
		};
		7B36D21D2B84C367002A5C48 /* PBXTargetDependency */ = {
			isa = PBXTargetDependency;
			target = 7B36D2002B84C365002A5C48 /* Diary */;
			targetProxy = 7B36D21C2B84C367002A5C48 /* PBXContainerItemProxy */;
		};
/* End PBXTargetDependency section */

/* Begin XCBuildConfiguration section */
		7B36D2232B84C367002A5C48 /* Debug */ = {
			isa = XCBuildConfiguration;
			buildSettings = {
				ALWAYS_SEARCH_USER_PATHS = NO;
				ASSETCATALOG_COMPILER_GENERATE_SWIFT_ASSET_SYMBOL_EXTENSIONS = YES;
				CLANG_ANALYZER_NONNULL = YES;
				CLANG_ANALYZER_NUMBER_OBJECT_CONVERSION = YES_AGGRESSIVE;
				CLANG_CXX_LANGUAGE_STANDARD = "gnu++20";
				CLANG_ENABLE_MODULES = YES;
				CLANG_ENABLE_OBJC_ARC = YES;
				CLANG_ENABLE_OBJC_WEAK = YES;
				CLANG_WARN_BLOCK_CAPTURE_AUTORELEASING = YES;
				CLANG_WARN_BOOL_CONVERSION = YES;
				CLANG_WARN_COMMA = YES;
				CLANG_WARN_CONSTANT_CONVERSION = YES;
				CLANG_WARN_DEPRECATED_OBJC_IMPLEMENTATIONS = YES;
				CLANG_WARN_DIRECT_OBJC_ISA_USAGE = YES_ERROR;
				CLANG_WARN_DOCUMENTATION_COMMENTS = YES;
				CLANG_WARN_EMPTY_BODY = YES;
				CLANG_WARN_ENUM_CONVERSION = YES;
				CLANG_WARN_INFINITE_RECURSION = YES;
				CLANG_WARN_INT_CONVERSION = YES;
				CLANG_WARN_NON_LITERAL_NULL_CONVERSION = YES;
				CLANG_WARN_OBJC_IMPLICIT_RETAIN_SELF = YES;
				CLANG_WARN_OBJC_LITERAL_CONVERSION = YES;
				CLANG_WARN_OBJC_ROOT_CLASS = YES_ERROR;
				CLANG_WARN_QUOTED_INCLUDE_IN_FRAMEWORK_HEADER = YES;
				CLANG_WARN_RANGE_LOOP_ANALYSIS = YES;
				CLANG_WARN_STRICT_PROTOTYPES = YES;
				CLANG_WARN_SUSPICIOUS_MOVE = YES;
				CLANG_WARN_UNGUARDED_AVAILABILITY = YES_AGGRESSIVE;
				CLANG_WARN_UNREACHABLE_CODE = YES;
				CLANG_WARN__DUPLICATE_METHOD_MATCH = YES;
				COPY_PHASE_STRIP = NO;
				DEBUG_INFORMATION_FORMAT = dwarf;
				ENABLE_STRICT_OBJC_MSGSEND = YES;
				ENABLE_TESTABILITY = YES;
				ENABLE_USER_SCRIPT_SANDBOXING = YES;
				GCC_C_LANGUAGE_STANDARD = gnu17;
				GCC_DYNAMIC_NO_PIC = NO;
				GCC_NO_COMMON_BLOCKS = YES;
				GCC_OPTIMIZATION_LEVEL = 0;
				GCC_PREPROCESSOR_DEFINITIONS = (
					"DEBUG=1",
					"$(inherited)",
				);
				GCC_WARN_64_TO_32_BIT_CONVERSION = YES;
				GCC_WARN_ABOUT_RETURN_TYPE = YES_ERROR;
				GCC_WARN_UNDECLARED_SELECTOR = YES;
				GCC_WARN_UNINITIALIZED_AUTOS = YES_AGGRESSIVE;
				GCC_WARN_UNUSED_FUNCTION = YES;
				GCC_WARN_UNUSED_VARIABLE = YES;
				IPHONEOS_DEPLOYMENT_TARGET = 17.2;
				LOCALIZATION_PREFERS_STRING_CATALOGS = YES;
				MTL_ENABLE_DEBUG_INFO = INCLUDE_SOURCE;
				MTL_FAST_MATH = YES;
				ONLY_ACTIVE_ARCH = YES;
				SDKROOT = iphoneos;
				SWIFT_ACTIVE_COMPILATION_CONDITIONS = "DEBUG $(inherited)";
				SWIFT_OPTIMIZATION_LEVEL = "-Onone";
			};
			name = Debug;
		};
		7B36D2242B84C367002A5C48 /* Release */ = {
			isa = XCBuildConfiguration;
			buildSettings = {
				ALWAYS_SEARCH_USER_PATHS = NO;
				ASSETCATALOG_COMPILER_GENERATE_SWIFT_ASSET_SYMBOL_EXTENSIONS = YES;
				CLANG_ANALYZER_NONNULL = YES;
				CLANG_ANALYZER_NUMBER_OBJECT_CONVERSION = YES_AGGRESSIVE;
				CLANG_CXX_LANGUAGE_STANDARD = "gnu++20";
				CLANG_ENABLE_MODULES = YES;
				CLANG_ENABLE_OBJC_ARC = YES;
				CLANG_ENABLE_OBJC_WEAK = YES;
				CLANG_WARN_BLOCK_CAPTURE_AUTORELEASING = YES;
				CLANG_WARN_BOOL_CONVERSION = YES;
				CLANG_WARN_COMMA = YES;
				CLANG_WARN_CONSTANT_CONVERSION = YES;
				CLANG_WARN_DEPRECATED_OBJC_IMPLEMENTATIONS = YES;
				CLANG_WARN_DIRECT_OBJC_ISA_USAGE = YES_ERROR;
				CLANG_WARN_DOCUMENTATION_COMMENTS = YES;
				CLANG_WARN_EMPTY_BODY = YES;
				CLANG_WARN_ENUM_CONVERSION = YES;
				CLANG_WARN_INFINITE_RECURSION = YES;
				CLANG_WARN_INT_CONVERSION = YES;
				CLANG_WARN_NON_LITERAL_NULL_CONVERSION = YES;
				CLANG_WARN_OBJC_IMPLICIT_RETAIN_SELF = YES;
				CLANG_WARN_OBJC_LITERAL_CONVERSION = YES;
				CLANG_WARN_OBJC_ROOT_CLASS = YES_ERROR;
				CLANG_WARN_QUOTED_INCLUDE_IN_FRAMEWORK_HEADER = YES;
				CLANG_WARN_RANGE_LOOP_ANALYSIS = YES;
				CLANG_WARN_STRICT_PROTOTYPES = YES;
				CLANG_WARN_SUSPICIOUS_MOVE = YES;
				CLANG_WARN_UNGUARDED_AVAILABILITY = YES_AGGRESSIVE;
				CLANG_WARN_UNREACHABLE_CODE = YES;
				CLANG_WARN__DUPLICATE_METHOD_MATCH = YES;
				COPY_PHASE_STRIP = NO;
				DEBUG_INFORMATION_FORMAT = "dwarf-with-dsym";
				ENABLE_NS_ASSERTIONS = NO;
				ENABLE_STRICT_OBJC_MSGSEND = YES;
				ENABLE_USER_SCRIPT_SANDBOXING = YES;
				GCC_C_LANGUAGE_STANDARD = gnu17;
				GCC_NO_COMMON_BLOCKS = YES;
				GCC_WARN_64_TO_32_BIT_CONVERSION = YES;
				GCC_WARN_ABOUT_RETURN_TYPE = YES_ERROR;
				GCC_WARN_UNDECLARED_SELECTOR = YES;
				GCC_WARN_UNINITIALIZED_AUTOS = YES_AGGRESSIVE;
				GCC_WARN_UNUSED_FUNCTION = YES;
				GCC_WARN_UNUSED_VARIABLE = YES;
				IPHONEOS_DEPLOYMENT_TARGET = 17.2;
				LOCALIZATION_PREFERS_STRING_CATALOGS = YES;
				MTL_ENABLE_DEBUG_INFO = NO;
				MTL_FAST_MATH = YES;
				SDKROOT = iphoneos;
				SWIFT_COMPILATION_MODE = wholemodule;
				VALIDATE_PRODUCT = YES;
			};
			name = Release;
		};
		7B36D2262B84C367002A5C48 /* Debug */ = {
			isa = XCBuildConfiguration;
			buildSettings = {
				ASSETCATALOG_COMPILER_APPICON_NAME = AppIcon;
				ASSETCATALOG_COMPILER_GLOBAL_ACCENT_COLOR_NAME = AccentColor;
				CODE_SIGN_STYLE = Automatic;
				CURRENT_PROJECT_VERSION = 1;
				DEVELOPMENT_ASSET_PATHS = "\"Diary/Preview Content\"";
				DEVELOPMENT_TEAM = R49648J2U5;
				ENABLE_PREVIEWS = YES;
				GENERATE_INFOPLIST_FILE = YES;
				INFOPLIST_FILE = Diary/Info.plist;
				INFOPLIST_KEY_UIApplicationSceneManifest_Generation = YES;
				INFOPLIST_KEY_UIApplicationSupportsIndirectInputEvents = YES;
				INFOPLIST_KEY_UILaunchScreen_Generation = YES;
				INFOPLIST_KEY_UISupportedInterfaceOrientations = UIInterfaceOrientationPortrait;
				INFOPLIST_KEY_UISupportedInterfaceOrientations_iPad = "UIInterfaceOrientationLandscapeLeft UIInterfaceOrientationLandscapeRight UIInterfaceOrientationPortrait UIInterfaceOrientationPortraitUpsideDown";
				LD_RUNPATH_SEARCH_PATHS = (
					"$(inherited)",
					"@executable_path/Frameworks",
				);
				MARKETING_VERSION = 1.0;
				PRODUCT_BUNDLE_IDENTIFIER = com.dhruv.Diary;
				PRODUCT_NAME = "$(TARGET_NAME)";
				SUPPORTED_PLATFORMS = "iphoneos iphonesimulator";
				SUPPORTS_MACCATALYST = NO;
				SUPPORTS_MAC_DESIGNED_FOR_IPHONE_IPAD = NO;
				SUPPORTS_XR_DESIGNED_FOR_IPHONE_IPAD = NO;
				SWIFT_EMIT_LOC_STRINGS = YES;
				SWIFT_VERSION = 5.0;
				TARGETED_DEVICE_FAMILY = 1;
			};
			name = Debug;
		};
		7B36D2272B84C367002A5C48 /* Release */ = {
			isa = XCBuildConfiguration;
			buildSettings = {
				ASSETCATALOG_COMPILER_APPICON_NAME = AppIcon;
				ASSETCATALOG_COMPILER_GLOBAL_ACCENT_COLOR_NAME = AccentColor;
				CODE_SIGN_STYLE = Automatic;
				CURRENT_PROJECT_VERSION = 1;
				DEVELOPMENT_ASSET_PATHS = "\"Diary/Preview Content\"";
				DEVELOPMENT_TEAM = R49648J2U5;
				ENABLE_PREVIEWS = YES;
				GENERATE_INFOPLIST_FILE = YES;
				INFOPLIST_FILE = Diary/Info.plist;
				INFOPLIST_KEY_UIApplicationSceneManifest_Generation = YES;
				INFOPLIST_KEY_UIApplicationSupportsIndirectInputEvents = YES;
				INFOPLIST_KEY_UILaunchScreen_Generation = YES;
				INFOPLIST_KEY_UISupportedInterfaceOrientations = UIInterfaceOrientationPortrait;
				INFOPLIST_KEY_UISupportedInterfaceOrientations_iPad = "UIInterfaceOrientationLandscapeLeft UIInterfaceOrientationLandscapeRight UIInterfaceOrientationPortrait UIInterfaceOrientationPortraitUpsideDown";
				LD_RUNPATH_SEARCH_PATHS = (
					"$(inherited)",
					"@executable_path/Frameworks",
				);
				MARKETING_VERSION = 1.0;
				PRODUCT_BUNDLE_IDENTIFIER = com.dhruv.Diary;
				PRODUCT_NAME = "$(TARGET_NAME)";
				SUPPORTED_PLATFORMS = "iphoneos iphonesimulator";
				SUPPORTS_MACCATALYST = NO;
				SUPPORTS_MAC_DESIGNED_FOR_IPHONE_IPAD = NO;
				SUPPORTS_XR_DESIGNED_FOR_IPHONE_IPAD = NO;
				SWIFT_EMIT_LOC_STRINGS = YES;
				SWIFT_VERSION = 5.0;
				TARGETED_DEVICE_FAMILY = 1;
			};
			name = Release;
		};
		7B36D2292B84C367002A5C48 /* Debug */ = {
			isa = XCBuildConfiguration;
			buildSettings = {
				ALWAYS_EMBED_SWIFT_STANDARD_LIBRARIES = YES;
				BUNDLE_LOADER = "$(TEST_HOST)";
				CODE_SIGN_STYLE = Automatic;
				CURRENT_PROJECT_VERSION = 1;
				DEVELOPMENT_TEAM = R49648J2U5;
				GENERATE_INFOPLIST_FILE = YES;
				IPHONEOS_DEPLOYMENT_TARGET = 17.2;
				MARKETING_VERSION = 1.0;
				PRODUCT_BUNDLE_IDENTIFIER = com.dhruv.DiaryTests;
				PRODUCT_NAME = "$(TARGET_NAME)";
				SWIFT_EMIT_LOC_STRINGS = NO;
				SWIFT_VERSION = 5.0;
				TARGETED_DEVICE_FAMILY = "1,2";
				TEST_HOST = "$(BUILT_PRODUCTS_DIR)/Diary.app/$(BUNDLE_EXECUTABLE_FOLDER_PATH)/Diary";
			};
			name = Debug;
		};
		7B36D22A2B84C367002A5C48 /* Release */ = {
			isa = XCBuildConfiguration;
			buildSettings = {
				ALWAYS_EMBED_SWIFT_STANDARD_LIBRARIES = YES;
				BUNDLE_LOADER = "$(TEST_HOST)";
				CODE_SIGN_STYLE = Automatic;
				CURRENT_PROJECT_VERSION = 1;
				DEVELOPMENT_TEAM = R49648J2U5;
				GENERATE_INFOPLIST_FILE = YES;
				IPHONEOS_DEPLOYMENT_TARGET = 17.2;
				MARKETING_VERSION = 1.0;
				PRODUCT_BUNDLE_IDENTIFIER = com.dhruv.DiaryTests;
				PRODUCT_NAME = "$(TARGET_NAME)";
				SWIFT_EMIT_LOC_STRINGS = NO;
				SWIFT_VERSION = 5.0;
				TARGETED_DEVICE_FAMILY = "1,2";
				TEST_HOST = "$(BUILT_PRODUCTS_DIR)/Diary.app/$(BUNDLE_EXECUTABLE_FOLDER_PATH)/Diary";
			};
			name = Release;
		};
		7B36D22C2B84C367002A5C48 /* Debug */ = {
			isa = XCBuildConfiguration;
			buildSettings = {
				ALWAYS_EMBED_SWIFT_STANDARD_LIBRARIES = YES;
				CODE_SIGN_STYLE = Automatic;
				CURRENT_PROJECT_VERSION = 1;
				DEVELOPMENT_TEAM = R49648J2U5;
				GENERATE_INFOPLIST_FILE = YES;
				MARKETING_VERSION = 1.0;
				PRODUCT_BUNDLE_IDENTIFIER = com.dhruv.DiaryUITests;
				PRODUCT_NAME = "$(TARGET_NAME)";
				SWIFT_EMIT_LOC_STRINGS = NO;
				SWIFT_VERSION = 5.0;
				TARGETED_DEVICE_FAMILY = "1,2";
				TEST_TARGET_NAME = Diary;
			};
			name = Debug;
		};
		7B36D22D2B84C367002A5C48 /* Release */ = {
			isa = XCBuildConfiguration;
			buildSettings = {
				ALWAYS_EMBED_SWIFT_STANDARD_LIBRARIES = YES;
				CODE_SIGN_STYLE = Automatic;
				CURRENT_PROJECT_VERSION = 1;
				DEVELOPMENT_TEAM = R49648J2U5;
				GENERATE_INFOPLIST_FILE = YES;
				MARKETING_VERSION = 1.0;
				PRODUCT_BUNDLE_IDENTIFIER = com.dhruv.DiaryUITests;
				PRODUCT_NAME = "$(TARGET_NAME)";
				SWIFT_EMIT_LOC_STRINGS = NO;
				SWIFT_VERSION = 5.0;
				TARGETED_DEVICE_FAMILY = "1,2";
				TEST_TARGET_NAME = Diary;
			};
			name = Release;
		};
/* End XCBuildConfiguration section */

/* Begin XCConfigurationList section */
		7B36D1FC2B84C365002A5C48 /* Build configuration list for PBXProject "Diary" */ = {
			isa = XCConfigurationList;
			buildConfigurations = (
				7B36D2232B84C367002A5C48 /* Debug */,
				7B36D2242B84C367002A5C48 /* Release */,
			);
			defaultConfigurationIsVisible = 0;
			defaultConfigurationName = Release;
		};
		7B36D2252B84C367002A5C48 /* Build configuration list for PBXNativeTarget "Diary" */ = {
			isa = XCConfigurationList;
			buildConfigurations = (
				7B36D2262B84C367002A5C48 /* Debug */,
				7B36D2272B84C367002A5C48 /* Release */,
			);
			defaultConfigurationIsVisible = 0;
			defaultConfigurationName = Release;
		};
		7B36D2282B84C367002A5C48 /* Build configuration list for PBXNativeTarget "DiaryTests" */ = {
			isa = XCConfigurationList;
			buildConfigurations = (
				7B36D2292B84C367002A5C48 /* Debug */,
				7B36D22A2B84C367002A5C48 /* Release */,
			);
			defaultConfigurationIsVisible = 0;
			defaultConfigurationName = Release;
		};
		7B36D22B2B84C367002A5C48 /* Build configuration list for PBXNativeTarget "DiaryUITests" */ = {
			isa = XCConfigurationList;
			buildConfigurations = (
				7B36D22C2B84C367002A5C48 /* Debug */,
				7B36D22D2B84C367002A5C48 /* Release */,
			);
			defaultConfigurationIsVisible = 0;
			defaultConfigurationName = Release;
		};
/* End XCConfigurationList section */

/* Begin XCRemoteSwiftPackageReference section */
		7B1CE1D22B9338B3007D5397 /* XCRemoteSwiftPackageReference "FSCalendar" */ = {
			isa = XCRemoteSwiftPackageReference;
			repositoryURL = "https://github.com/WenchaoD/FSCalendar.git";
			requirement = {
				kind = upToNextMajorVersion;
				minimumVersion = 2.8.4;
			};
		};
		7BA4F3432B87D6670073A13B /* XCRemoteSwiftPackageReference "firebase-ios-sdk" */ = {
			isa = XCRemoteSwiftPackageReference;
			repositoryURL = "https://github.com/firebase/firebase-ios-sdk";
			requirement = {
				branch = main;
				kind = branch;
			};
		};
		7BA4F3462B87D6CE0073A13B /* XCRemoteSwiftPackageReference "GoogleSignIn-iOS" */ = {
			isa = XCRemoteSwiftPackageReference;
			repositoryURL = "https://github.com/google/GoogleSignIn-iOS";
			requirement = {
				branch = main;
				kind = branch;
			};
		};
/* End XCRemoteSwiftPackageReference section */

/* Begin XCSwiftPackageProductDependency section */
		7B1CE1D32B9338B3007D5397 /* FSCalendar */ = {
			isa = XCSwiftPackageProductDependency;
			package = 7B1CE1D22B9338B3007D5397 /* XCRemoteSwiftPackageReference "FSCalendar" */;
			productName = FSCalendar;
		};
		7BA4F3442B87D6670073A13B /* FirebaseAuth */ = {
			isa = XCSwiftPackageProductDependency;
			package = 7BA4F3432B87D6670073A13B /* XCRemoteSwiftPackageReference "firebase-ios-sdk" */;
			productName = FirebaseAuth;
		};
		7BA4F3472B87D6CE0073A13B /* GoogleSignIn */ = {
			isa = XCSwiftPackageProductDependency;
			package = 7BA4F3462B87D6CE0073A13B /* XCRemoteSwiftPackageReference "GoogleSignIn-iOS" */;
			productName = GoogleSignIn;
		};
		7BA4F3492B87D6CE0073A13B /* GoogleSignInSwift */ = {
			isa = XCSwiftPackageProductDependency;
			package = 7BA4F3462B87D6CE0073A13B /* XCRemoteSwiftPackageReference "GoogleSignIn-iOS" */;
			productName = GoogleSignInSwift;
		};
		7BCF33672BAE0A2300631002 /* FirebaseAuth */ = {
			isa = XCSwiftPackageProductDependency;
			package = 7BA4F3432B87D6670073A13B /* XCRemoteSwiftPackageReference "firebase-ios-sdk" */;
			productName = FirebaseAuth;
		};
		7BCF336A2BAE0A8000631002 /* GoogleSignIn */ = {
			isa = XCSwiftPackageProductDependency;
			package = 7BA4F3462B87D6CE0073A13B /* XCRemoteSwiftPackageReference "GoogleSignIn-iOS" */;
			productName = GoogleSignIn;
		};
/* End XCSwiftPackageProductDependency section */
	};
	rootObject = 7B36D1F92B84C365002A5C48 /* Project object */;
}
